{
    "hash": "d57adb1d9562812518ec3e77812fa2a5",
    "packages": [
        {
            "name": "composer/installers",
            "version": "v1.0.0",
            "source": {
                "type": "git",
                "url": "https://github.com/composer/installers",
                "reference": "v1.0.0"
            },
            "dist": {
                "type": "zip",
                "url": "https://github.com/composer/installers/archive/v1.0.0.zip",
                "reference": "v1.0.0",
                "shasum": ""
            },
            "replace": {
                "shama/baton": "*"
            },
            "require-dev": {
                "composer/composer": "1.0.*@dev"
            },
            "time": "2012-09-08 04:17:33",
            "type": "composer-installer",
            "extra": {
                "class": "Composer\\Installers\\Installer"
            },
            "autoload": {
                "psr-0": {
                    "Composer\\Installers\\": "src/"
                }
            },
            "notification-url": "https://packagist.org/downloads/",
            "license": [
                "MIT"
            ],
            "authors": [
                {
                    "name": "Kyle Robinson Young",
                    "email": "kyle@dontkry.com",
                    "homepage": "https://github.com/shama",
                    "role": "Developer"
                }
            ],
            "description": "A multi-framework Composer library installer",
            "homepage": "http://composer.github.com/installers/",
            "keywords": [
                "symfony",
                "installer",
                "zend",
                "wordpress",
                "cakephp",
                "codeigniter",
                "fuelphp",
                "drupal",
                "lithium",
                "li3",
                "joomla",
                "laravel",
                "phpbb",
                "ppi",
                "silverstripe",
                "kohana",
                "mako"
            ]
        }
    ],
    "packages-dev": [
        {
            "name": "composer/composer",
            "version": "1.0.0-alpha6",
            "source": {
                "type": "git",
                "url": "https://github.com/composer/composer",
                "reference": "1.0.0-alpha6"
            },
            "dist": {
                "type": "zip",
                "url": "https://github.com/composer/composer/archive/1.0.0-alpha6.zip",
                "reference": "1.0.0-alpha6",
                "shasum": ""
            },
            "require": {
                "php": ">=5.3.2",
                "justinrainbow/json-schema": "1.1.*",
                "seld/jsonlint": "1.*",
                "symfony/console": ">=2.1,<3.0",
                "symfony/finder": ">=2.1,<3.0",
                "symfony/process": ">=2.1,<3.0"
            },
            "suggest": {
                "ext-zip": "Enabling the zip extension allows you to unzip archives, and allows gzip compression of all internet traffic",
                "ext-openssl": "Enabling the openssl extension allows you to access https URLs for repositories and packages"
            },
            "time": "2012-10-23 01:54:25",
            "bin": [
                "bin/composer"
            ],
            "type": "library",
            "extra": {
                "branch-alias": {
                    "dev-master": "1.0-dev"
                }
            },
            "autoload": {
                "psr-0": {
                    "Composer": "src/"
                }
            },
            "notification-url": "https://packagist.org/downloads/",
            "license": [
                "MIT"
            ],
            "authors": [
                {
                    "name": "Jordi Boggiano",
                    "email": "j.boggiano@seld.be",
                    "homepage": "http://seld.be",
                    "role": "Developer"
                },
                {
                    "name": "Nils Adermann",
                    "email": "naderman@naderman.de",
                    "homepage": "http://www.naderman.de"
                }
            ],
            "description": "Package Manager",
            "homepage": "http://getcomposer.org/",
            "keywords": [
                "package",
                "dependency",
                "autoload"
            ]
        },
        {
            "name": "justinrainbow/json-schema",
            "version": "1.1.0",
            "source": {
                "type": "git",
                "url": "git://github.com/justinrainbow/json-schema.git",
                "reference": "v1.1.0"
            },
            "dist": {
                "type": "zip",
                "url": "https://github.com/justinrainbow/json-schema/archive/v1.1.0.zip",
                "reference": "v1.1.0",
                "shasum": ""
            },
            "require": {
                "php": ">=5.3.0"
            },
            "time": "2012-01-03 00:33:17",
            "type": "library",
            "autoload": {
                "psr-0": {
                    "JsonSchema": "src/"
                }
            },
            "notification-url": "https://packagist.org/downloads/",
            "license": [
                "NewBSD"
            ],
            "authors": [
                {
                    "name": "Igor Wiedler",
                    "email": "igor@wiedler.ch",
                    "homepage": "http://wiedler.ch/igor/"
                },
                {
                    "name": "Bruno Prieto Reis",
                    "email": "bruno.p.reis@gmail.com"
                },
                {
                    "name": "Justin Rainbow",
                    "email": "justin.rainbow@gmail.com"
                },
                {
                    "name": "Robert Schönthal",
                    "email": "seroscho@googlemail.com",
                    "homepage": "http://digitalkaoz.net"
                }
            ],
            "description": "A library to validate a json schema.",
            "homepage": "https://github.com/justinrainbow/json-schema",
            "keywords": [
                "json",
                "schema"
            ]
        },
        {
            "name": "pdepend/pdepend",
            "version": "1.1.0",
            "source": {
                "type": "git",
                "url": "git://github.com/pdepend/pdepend.git",
                "reference": "1.1.0"
            },
            "dist": {
                "type": "zip",
                "url": "https://github.com/pdepend/pdepend/zipball/1.1.0",
                "reference": "1.1.0",
                "shasum": ""
            },
            "require": {
                "php": ">=5.2.3"
            },
            "time": "2012-09-12 04:09:19",
            "bin": [
                "src/bin/pdepend"
            ],
            "type": "library",
            "notification-url": "https://packagist.org/downloads/",
            "description": "Official version of pdepend to be handled with Composer"
        },
        {
            "name": "phploc/phploc",
            "version": "dev-master",
            "source": {
                "type": "git",
                "url": "git://github.com/sebastianbergmann/phploc.git",
                "reference": "9433a34cbb0168f0c43ae92cd1196df7d84ba8d3"
            },
            "dist": {
                "type": "zip",
                "url": "https://api.github.com/repos/sebastianbergmann/phploc/zipball/9433a34cbb0168f0c43ae92cd1196df7d84ba8d3",
                "reference": "9433a34cbb0168f0c43ae92cd1196df7d84ba8d3",
                "shasum": ""
            },
            "require": {
                "php": ">=5.3.3",
                "symfony/finder": "2.1.x-dev",
                "zetacomponents/console-tools": "dev-master",
                "sebastian/finder-facade": ">=1.0.5"
            },
            "time": "2013-01-07 10:52:06",
            "bin": [
                "composer/bin/phploc"
            ],
            "type": "library",
            "autoload": {
                "classmap": [
                    "src/"
                ]
            },
            "notification-url": "https://packagist.org/downloads/",
            "license": [
                "BSD-3-Clause"
            ],
            "authors": [
                {
                    "name": "Sebastian Bergmann",
                    "email": "sebastian@phpunit.de",
                    "role": "lead"
                }
            ],
            "description": "A tool for quickly measuring the size of a PHP project.",
            "homepage": "https://github.com/sebastianbergmann/phploc"
        },
        {
            "name": "phpmd/phpmd",
            "version": "1.4.1",
            "source": {
                "type": "git",
                "url": "git://github.com/phpmd/phpmd.git",
                "reference": "1.4.1"
            },
            "dist": {
                "type": "zip",
                "url": "https://github.com/phpmd/phpmd/archive/1.4.1.zip",
                "reference": "1.4.1",
                "shasum": ""
            },
            "require": {
                "php": ">=5.3.0",
                "pdepend/pdepend": "*"
            },
            "time": "2012-12-14 12:25:09",
            "bin": [
                "src/bin/phpmd"
            ],
            "type": "library",
            "notification-url": "https://packagist.org/downloads/",
            "include-path": [
                "../../pdepend/pdepend/src/main/php",
                "src/main/php"
            ],
            "description": "Official version of PHPMD handled with Composer."
        },
        {
            "name": "sebastian/finder-facade",
            "version": "dev-master",
            "source": {
                "type": "git",
                "url": "git://github.com/sebastianbergmann/finder-facade.git",
                "reference": "ebf2eac1aaf19490f0d8744f7d26216fc3760bd9"
            },
            "dist": {
                "type": "zip",
                "url": "https://github.com/sebastianbergmann/finder-facade/archive/ebf2eac1aaf19490f0d8744f7d26216fc3760bd9.zip",
                "reference": "ebf2eac1aaf19490f0d8744f7d26216fc3760bd9",
                "shasum": ""
            },
            "require": {
                "symfony/finder": ">=2.1.0,<2.2.0",
                "theseer/fdomdocument": ">=1.3.1"
            },
            "time": "2013-01-26 07:59:06",
            "type": "library",
            "autoload": {
                "classmap": [
                    "src/"
                ]
            },
            "notification-url": "https://packagist.org/downloads/",
            "license": [
                "BSD-3-Clause"
            ],
            "authors": [
                {
                    "name": "Sebastian Bergmann",
                    "email": "sebastian@phpunit.de",
                    "role": "lead"
                }
            ],
            "description": "FinderFacade is a convenience wrapper for Symfony's Finder component.",
            "homepage": "https://github.com/sebastianbergmann/finder-facade"
        },
        {
            "name": "seld/jsonlint",
            "version": "1.1.0",
            "source": {
                "type": "git",
                "url": "http://github.com/Seldaek/jsonlint",
                "reference": "1.1.0"
            },
            "dist": {
                "type": "zip",
                "url": "https://github.com/Seldaek/jsonlint/archive/1.1.0.zip",
                "reference": "1.1.0",
                "shasum": ""
            },
            "require": {
                "php": ">=5.3.0"
            },
            "time": "2012-12-13 18:26:19",
            "bin": [
                "bin/jsonlint"
            ],
            "type": "library",
            "autoload": {
                "psr-0": {
                    "Seld\\JsonLint": "src/"
                }
            },
            "notification-url": "https://packagist.org/downloads/",
            "license": [
                "MIT"
            ],
            "authors": [
                {
                    "name": "Jordi Boggiano",
                    "email": "j.boggiano@seld.be",
                    "homepage": "http://seld.be",
                    "role": "Developer"
                }
            ],
            "description": "JSON Linter",
            "keywords": [
                "json",
                "parser",
                "linter",
                "validator"
            ]
        },
        {
            "name": "silverstripe/framework",
            "version": "2.4.9",
            "source": {
                "type": "git",
                "url": "https://github.com/silverstripe/sapphire",
                "reference": "2.4.9"
            },
            "dist": {
                "type": "zip",
                "url": "https://github.com/silverstripe/sapphire/archive/2.4.9.zip",
                "reference": "2.4.9",
                "shasum": ""
            },
            "require": {
                "php": ">=5.2.4",
                "composer/installers": "*"
            },
            "time": "2012-12-04 21:47:47",
            "type": "silverstripe-module",
            "notification-url": "https://packagist.org/downloads/",
            "license": [
                "BSD-3-Clause"
            ],
            "authors": [
                {
                    "name": "SilverStripe",
                    "homepage": "http://silverstripe.com"
                },
                {
                    "name": "The SilverStripe Community",
                    "homepage": "http://silverstripe.org"
                }
            ],
            "description": "The SilverStripe Framework",
            "homepage": "http://silverstripe.org",
            "keywords": [
                "framework",
                "silverstripe"
            ]
        },
        {
            "name": "symfony/console",
            "version": "dev-master",
            "target-dir": "Symfony/Component/Console",
            "source": {
                "type": "git",
                "url": "https://github.com/symfony/Console",
                "reference": "f65e34d058f0990a724f78e8d091dc0a20e439ac"
            },
            "dist": {
                "type": "zip",
                "url": "https://api.github.com/repos/symfony/Console/zipball/f65e34d058f0990a724f78e8d091dc0a20e439ac",
                "reference": "f65e34d058f0990a724f78e8d091dc0a20e439ac",
                "shasum": ""
            },
            "require": {
                "php": ">=5.3.3"
            },
            "time": "2013-01-31 21:39:01",
            "type": "library",
            "extra": {
                "branch-alias": {
                    "dev-master": "2.3-dev"
                }
            },
            "autoload": {
                "psr-0": {
                    "Symfony\\Component\\Console\\": ""
                }
            },
            "notification-url": "https://packagist.org/downloads/",
            "license": [
                "MIT"
            ],
            "authors": [
                {
                    "name": "Fabien Potencier",
                    "email": "fabien@symfony.com"
                },
                {
                    "name": "Symfony Community",
                    "homepage": "http://symfony.com/contributors"
                }
            ],
            "description": "Symfony Console Component",
            "homepage": "http://symfony.com"
        },
        {
            "name": "symfony/finder",
            "version": "2.1.x-dev",
            "target-dir": "Symfony/Component/Finder",
            "source": {
                "type": "git",
                "url": "https://github.com/symfony/Finder",
                "reference": "v2.1.7"
            },
            "dist": {
                "type": "zip",
                "url": "https://api.github.com/repos/symfony/Finder/zipball/v2.1.7",
                "reference": "v2.1.7",
                "shasum": ""
            },
            "require": {
                "php": ">=5.3.3"
            },
            "time": "2013-01-09 08:51:07",
            "type": "library",
            "autoload": {
                "psr-0": {
                    "Symfony\\Component\\Finder": ""
                }
            },
            "notification-url": "https://packagist.org/downloads/",
            "license": [
                "MIT"
            ],
            "authors": [
                {
                    "name": "Fabien Potencier",
                    "email": "fabien@symfony.com"
                },
                {
                    "name": "Symfony Community",
                    "homepage": "http://symfony.com/contributors"
                }
            ],
            "description": "Symfony Finder Component",
            "homepage": "http://symfony.com"
        },
        {
            "name": "symfony/process",
            "version": "dev-master",
            "target-dir": "Symfony/Component/Process",
            "source": {
                "type": "git",
                "url": "https://github.com/symfony/Process",
                "reference": "c99475d555934461f079521d024d88a0d4e861eb"
            },
            "dist": {
                "type": "zip",
                "url": "https://api.github.com/repos/symfony/Process/zipball/c99475d555934461f079521d024d88a0d4e861eb",
                "reference": "c99475d555934461f079521d024d88a0d4e861eb",
                "shasum": ""
            },
            "require": {
                "php": ">=5.3.3"
            },
            "time": "2013-01-31 21:39:01",
            "type": "library",
            "extra": {
                "branch-alias": {
                    "dev-master": "2.3-dev"
                }
            },
            "autoload": {
                "psr-0": {
                    "Symfony\\Component\\Process\\": ""
                }
            },
            "notification-url": "https://packagist.org/downloads/",
            "license": [
                "MIT"
            ],
            "authors": [
                {
                    "name": "Fabien Potencier",
                    "email": "fabien@symfony.com"
                },
                {
                    "name": "Symfony Community",
                    "homepage": "http://symfony.com/contributors"
                }
            ],
            "description": "Symfony Process Component",
            "homepage": "http://symfony.com"
        },
        {
            "name": "theseer/fdomdocument",
            "version": "dev-master",
            "source": {
                "type": "git",
                "url": "git://github.com/theseer/fDOMDocument.git",
                "reference": "a7882cf2121f30c57e9fc8ded2cf0a58001e96cc"
            },
            "dist": {
                "type": "zip",
                "url": "https://api.github.com/repos/theseer/fDOMDocument/zipball/a7882cf2121f30c57e9fc8ded2cf0a58001e96cc",
                "reference": "a7882cf2121f30c57e9fc8ded2cf0a58001e96cc",
                "shasum": ""
            },
            "require": {
                "php": ">=5.3.3",
                "ext-dom": "*",
                "lib-libxml": "*"
            },
            "time": "2012-12-01 00:12:40",
            "type": "library",
            "autoload": {
                "classmap": [
                    "src/"
                ]
            },
            "notification-url": "https://packagist.org/downloads/",
            "license": [
                "BSD-3-Clause"
            ],
            "authors": [
                {
                    "name": "Arne Blankerts",
                    "email": "arne@blankerts.de",
                    "role": "lead"
                }
            ],
            "description": "The classes contained within this repository extend the standard DOM to use exceptions at all occasions of errors instead of PHP warnings or notices. They also add various custom methods and shortcuts for convinience and to simplify the usage of DOM.",
            "homepage": "https://github.com/theseer/fDOMDocument"
        },
        {
            "name": "zetacomponents/base",
            "version": "dev-master",
            "source": {
                "type": "git",
                "url": "https://github.com/zetacomponents/Base.git",
                "reference": "642f63a8a72c32996f1aaf8a317fdf746bc32ce7"
            },
            "dist": {
                "type": "zip",
                "url": "https://api.github.com/repos/zetacomponents/Base/zipball/642f63a8a72c32996f1aaf8a317fdf746bc32ce7",
                "reference": "642f63a8a72c32996f1aaf8a317fdf746bc32ce7",
                "shasum": ""
            },
            "require-dev": {
                "zetacomponents/unit-test": "*"
            },
            "time": "2012-05-21 11:21:36",
            "type": "library",
            "autoload": {
                "classmap": [
                    "src"
                ]
            },
            "notification-url": "https://packagist.org/downloads/",
            "license": [
                "Apache-2.0"
            ],
            "authors": [
                {
                    "name": "Sergey Alexeev"
                },
                {
                    "name": "Sebastian Bergmann"
                },
                {
                    "name": "Jan Borsodi"
                },
                {
                    "name": "Raymond Bosman"
                },
                {
                    "name": "Frederik Holljen"
                },
                {
                    "name": "Kore Nordmann"
                },
                {
                    "name": "Derick Rethans"
                },
                {
                    "name": "Vadym Savchuk"
                },
                {
                    "name": "Tobias Schlitt"
                },
                {
                    "name": "Alexandru Stanoi"
                }
            ],
            "description": "The Base package provides the basic infrastructure that all packages rely on. Therefore every component relies on this package.",
            "homepage": "https://github.com/zetacomponents"
        },
        {
            "name": "zetacomponents/console-tools",
            "version": "dev-master",
            "source": {
                "type": "git",
                "url": "https://github.com/zetacomponents/ConsoleTools.git",
                "reference": "90156abef01e4215fda8b9740f77c322f126fb02"
            },
            "dist": {
                "type": "zip",
                "url": "https://api.github.com/repos/zetacomponents/ConsoleTools/zipball/90156abef01e4215fda8b9740f77c322f126fb02",
                "reference": "90156abef01e4215fda8b9740f77c322f126fb02",
                "shasum": ""
            },
            "require": {
                "zetacomponents/base": "*"
            },
            "require-dev": {
                "zetacomponents/unit-test": "*"
            },
            "time": "2012-05-21 09:55:34",
            "type": "library",
            "autoload": {
                "classmap": [
                    "src"
                ]
            },
            "notification-url": "https://packagist.org/downloads/",
            "license": [
                "Apache-2.0"
            ],
            "authors": [
                {
                    "name": "Sergey Alexeev"
                },
                {
                    "name": "Sebastian Bergmann"
                },
                {
                    "name": "Jan Borsodi"
                },
                {
                    "name": "Raymond Bosman"
                },
                {
                    "name": "Frederik Holljen"
                },
                {
                    "name": "Kore Nordmann"
                },
                {
                    "name": "Derick Rethans"
                },
                {
                    "name": "Vadym Savchuk"
                },
                {
                    "name": "Tobias Schlitt"
                },
                {
                    "name": "Alexandru Stanoi"
                }
            ],
            "description": "A set of classes to do different actions with the console (also called shell). It can render a progress bar, tables and a status bar and contains a class for parsing command line options.",
            "homepage": "https://github.com/zetacomponents"
        }
    ],
    "aliases": [

    ],
    "minimum-stability": "dev",
    "stability-flags": {
        "composer/composer": 15,
        "phploc/phploc": 20
    }
}
